# This file is automatically @generated by Cargo.
# It is not intended for manual editing.
version = 3

[[package]]
name = "GSL"
version = "6.0.0"
source = "registry+https://github.com/rust-lang/crates.io-index"
checksum = "c9becaf6d7d1ba36a457288e661fa6a0472e8328629276f45369eafcd48ef1ce"
dependencies = [
 "GSL-sys",
 "paste",
]

[[package]]
name = "GSL-sys"
version = "3.0.0"
source = "registry+https://github.com/rust-lang/crates.io-index"
checksum = "4577670dcc0720995dc39f04c438595eaae8ccc27f4aafd3e572dd408d01bd9d"
dependencies = [
 "libc",
 "pkg-config",
]

[[package]]
name = "atty"
version = "0.2.14"
source = "registry+https://github.com/rust-lang/crates.io-index"
checksum = "d9b39be18770d11421cdb1b9947a45dd3f37e93092cbf377614828a319d5fee8"
dependencies = [
 "hermit-abi",
 "libc",
 "winapi",
]

[[package]]
name = "autocfg"
version = "1.1.0"
source = "registry+https://github.com/rust-lang/crates.io-index"
checksum = "d468802bab17cbc0cc575e9b053f41e72aa36bfa6b7f55e3529ffa43161b97fa"

[[package]]
name = "bitflags"
version = "1.3.2"
source = "registry+https://github.com/rust-lang/crates.io-index"
checksum = "bef38d45163c2f1dde094a7dfd33ccf595c92905c8f8f4fdc18d06fb1037718a"

[[package]]
name = "byteorder"
version = "1.4.3"
source = "registry+https://github.com/rust-lang/crates.io-index"
checksum = "14c189c53d098945499cdfa7ecc63567cf3886b3332b312a5b4585d8d3a6a610"

[[package]]
name = "cfg-if"
version = "1.0.0"
source = "registry+https://github.com/rust-lang/crates.io-index"
checksum = "baf1de4339761588bc0619e3cbc0120ee582ebb74b53b4efbf79117bd2da40fd"

[[package]]
name = "clap"
version = "3.2.22"
source = "registry+https://github.com/rust-lang/crates.io-index"
checksum = "86447ad904c7fb335a790c9d7fe3d0d971dc523b8ccd1561a520de9a85302750"
dependencies = [
 "atty",
 "bitflags",
 "clap_lex",
 "indexmap",
 "once_cell",
 "strsim",
 "termcolor",
 "textwrap",
]

[[package]]
name = "clap_lex"
version = "0.2.4"
source = "registry+https://github.com/rust-lang/crates.io-index"
checksum = "2850f2f5a82cbf437dd5af4d49848fbdfc27c157c3d010345776f952765261c5"
dependencies = [
 "os_str_bytes",
]

[[package]]
name = "dasp"
version = "0.11.0"
source = "registry+https://github.com/rust-lang/crates.io-index"
checksum = "7381b67da416b639690ac77c73b86a7b5e64a29e31d1f75fb3b1102301ef355a"
dependencies = [
 "dasp_envelope",
 "dasp_frame",
 "dasp_interpolate",
 "dasp_peak",
 "dasp_ring_buffer",
 "dasp_rms",
 "dasp_sample",
 "dasp_signal",
 "dasp_slice",
 "dasp_window",
]

[[package]]
name = "dasp_envelope"
version = "0.11.0"
source = "registry+https://github.com/rust-lang/crates.io-index"
checksum = "8ec617ce7016f101a87fe85ed44180839744265fae73bb4aa43e7ece1b7668b6"
dependencies = [
 "dasp_frame",
 "dasp_peak",
 "dasp_ring_buffer",
 "dasp_rms",
 "dasp_sample",
]

[[package]]
name = "dasp_frame"
version = "0.11.0"
source = "registry+https://github.com/rust-lang/crates.io-index"
checksum = "b2a3937f5fe2135702897535c8d4a5553f8b116f76c1529088797f2eee7c5cd6"
dependencies = [
 "dasp_sample",
]

[[package]]
name = "dasp_interpolate"
version = "0.11.0"
source = "registry+https://github.com/rust-lang/crates.io-index"
checksum = "7fc975a6563bb7ca7ec0a6c784ead49983a21c24835b0bc96eea11ee407c7486"
dependencies = [
 "dasp_frame",
 "dasp_ring_buffer",
 "dasp_sample",
]

[[package]]
name = "dasp_peak"
version = "0.11.0"
source = "registry+https://github.com/rust-lang/crates.io-index"
checksum = "5cf88559d79c21f3d8523d91250c397f9a15b5fc72fbb3f87fdb0a37b79915bf"
dependencies = [
 "dasp_frame",
 "dasp_sample",
]

[[package]]
name = "dasp_ring_buffer"
version = "0.11.0"
source = "registry+https://github.com/rust-lang/crates.io-index"
checksum = "07d79e19b89618a543c4adec9c5a347fe378a19041699b3278e616e387511ea1"

[[package]]
name = "dasp_rms"
version = "0.11.0"
source = "registry+https://github.com/rust-lang/crates.io-index"
checksum = "a6c5dcb30b7e5014486e2822537ea2beae50b19722ffe2ed7549ab03774575aa"
dependencies = [
 "dasp_frame",
 "dasp_ring_buffer",
 "dasp_sample",
]

[[package]]
name = "dasp_sample"
version = "0.11.0"
source = "registry+https://github.com/rust-lang/crates.io-index"
checksum = "0c87e182de0887fd5361989c677c4e8f5000cd9491d6d563161a8f3a5519fc7f"

[[package]]
name = "dasp_signal"
version = "0.11.0"
source = "registry+https://github.com/rust-lang/crates.io-index"
checksum = "aa1ab7d01689c6ed4eae3d38fe1cea08cba761573fbd2d592528d55b421077e7"
dependencies = [
 "dasp_envelope",
 "dasp_frame",
 "dasp_interpolate",
 "dasp_peak",
 "dasp_ring_buffer",
 "dasp_rms",
 "dasp_sample",
 "dasp_window",
]

[[package]]
name = "dasp_slice"
version = "0.11.0"
source = "registry+https://github.com/rust-lang/crates.io-index"
checksum = "4e1c7335d58e7baedafa516cb361360ff38d6f4d3f9d9d5ee2a2fc8e27178fa1"
dependencies = [
 "dasp_frame",
 "dasp_sample",
]

[[package]]
name = "dasp_window"
version = "0.11.1"
source = "registry+https://github.com/rust-lang/crates.io-index"
checksum = "99ded7b88821d2ce4e8b842c9f1c86ac911891ab89443cc1de750cae764c5076"
dependencies = [
 "dasp_sample",
]

[[package]]
name = "doc-comment"
version = "0.3.3"
source = "registry+https://github.com/rust-lang/crates.io-index"
checksum = "fea41bba32d969b513997752735605054bc0dfa92b4c56bf1189f2e174be7a10"

[[package]]
name = "getrandom"
version = "0.2.7"
source = "registry+https://github.com/rust-lang/crates.io-index"
checksum = "4eb1a864a501629691edf6c15a593b7a51eebaa1e8468e9ddc623de7c9b58ec6"
dependencies = [
 "cfg-if",
 "libc",
 "wasi",
]

[[package]]
name = "gnuplot"
version = "0.0.37"
source = "registry+https://github.com/rust-lang/crates.io-index"
checksum = "8de437277a7ec10de5f34e3147c7da4c6d8b279c5d8ae1e33e842fd9432bb0f3"
dependencies = [
 "byteorder",
]

[[package]]
name = "hashbrown"
version = "0.12.3"
source = "registry+https://github.com/rust-lang/crates.io-index"
checksum = "8a9ee70c43aaf417c914396645a0fa852624801b24ebb7ae78fe8272889ac888"

[[package]]
name = "heck"
version = "0.4.0"
source = "registry+https://github.com/rust-lang/crates.io-index"
checksum = "2540771e65fc8cb83cd6e8a237f70c319bd5c29f78ed1084ba5d50eeac86f7f9"

[[package]]
name = "hermit-abi"
version = "0.1.19"
source = "registry+https://github.com/rust-lang/crates.io-index"
checksum = "62b467343b94ba476dcb2500d242dadbb39557df889310ac77c5d99100aaac33"
dependencies = [
 "libc",
]

[[package]]
name = "hound"
version = "3.5.0"
source = "registry+https://github.com/rust-lang/crates.io-index"
checksum = "4d13cdbd5dbb29f9c88095bbdc2590c9cba0d0a1269b983fef6b2cdd7e9f4db1"

[[package]]
name = "indexmap"
version = "1.9.1"
source = "registry+https://github.com/rust-lang/crates.io-index"
checksum = "10a35a97730320ffe8e2d410b5d3b69279b98d2c14bdb8b70ea89ecf7888d41e"
dependencies = [
 "autocfg",
 "hashbrown",
]

[[package]]
name = "itoa"
version = "1.0.3"
source = "registry+https://github.com/rust-lang/crates.io-index"
checksum = "6c8af84674fe1f223a982c933a0ee1086ac4d4052aa0fb8060c12c6ad838e754"

[[package]]
name = "libc"
version = "0.2.132"
source = "registry+https://github.com/rust-lang/crates.io-index"
checksum = "8371e4e5341c3a96db127eb2465ac681ced4c433e01dd0e938adbef26ba93ba5"

[[package]]
name = "matrixmultiply"
version = "0.3.2"
source = "registry+https://github.com/rust-lang/crates.io-index"
checksum = "add85d4dd35074e6fedc608f8c8f513a3548619a9024b751949ef0e8e45a4d84"
dependencies = [
 "rawpointer",
]

[[package]]
name = "ndarray"
version = "0.15.6"
source = "registry+https://github.com/rust-lang/crates.io-index"
checksum = "adb12d4e967ec485a5f71c6311fe28158e9d6f4bc4a447b474184d0f91a8fa32"
dependencies = [
 "matrixmultiply",
 "num-complex",
 "num-integer",
 "num-traits",
 "rawpointer",
]

[[package]]
name = "num"
version = "0.4.0"
source = "registry+https://github.com/rust-lang/crates.io-index"
checksum = "43db66d1170d347f9a065114077f7dccb00c1b9478c89384490a3425279a4606"
dependencies = [
 "num-bigint",
 "num-complex",
 "num-integer",
 "num-iter",
 "num-rational",
 "num-traits",
]

[[package]]
name = "num-bigint"
version = "0.4.3"
source = "registry+https://github.com/rust-lang/crates.io-index"
checksum = "f93ab6289c7b344a8a9f60f88d80aa20032336fe78da341afc91c8a2341fc75f"
dependencies = [
 "autocfg",
 "num-integer",
 "num-traits",
]

[[package]]
name = "num-complex"
version = "0.4.2"
source = "registry+https://github.com/rust-lang/crates.io-index"
checksum = "7ae39348c8bc5fbd7f40c727a9925f03517afd2ab27d46702108b6a7e5414c19"
dependencies = [
 "num-traits",
]

[[package]]
name = "num-integer"
version = "0.1.45"
source = "registry+https://github.com/rust-lang/crates.io-index"
checksum = "225d3389fb3509a24c93f5c29eb6bde2586b98d9f016636dff58d7c6f7569cd9"
dependencies = [
 "autocfg",
 "num-traits",
]

[[package]]
name = "num-iter"
version = "0.1.43"
source = "registry+https://github.com/rust-lang/crates.io-index"
checksum = "7d03e6c028c5dc5cac6e2dec0efda81fc887605bb3d884578bb6d6bf7514e252"
dependencies = [
 "autocfg",
 "num-integer",
 "num-traits",
]

[[package]]
name = "num-rational"
version = "0.4.1"
source = "registry+https://github.com/rust-lang/crates.io-index"
checksum = "0638a1c9d0a3c0914158145bc76cff373a75a627e6ecbfb71cbe6f453a5a19b0"
dependencies = [
 "autocfg",
 "num-bigint",
 "num-integer",
 "num-traits",
]

[[package]]
name = "num-traits"
version = "0.2.15"
source = "registry+https://github.com/rust-lang/crates.io-index"
checksum = "578ede34cf02f8924ab9447f50c28075b4d3e5b269972345e7e0372b38c6cdcd"
dependencies = [
 "autocfg",
]

[[package]]
name = "once_cell"
version = "1.14.0"
source = "registry+https://github.com/rust-lang/crates.io-index"
checksum = "2f7254b99e31cad77da24b08ebf628882739a608578bb1bcdfc1f9c21260d7c0"

[[package]]
name = "os_str_bytes"
version = "6.3.0"
source = "registry+https://github.com/rust-lang/crates.io-index"
checksum = "9ff7415e9ae3fff1225851df9e0d9e4e5479f947619774677a63572e55e80eff"

[[package]]
name = "paste"
version = "1.0.9"
source = "registry+https://github.com/rust-lang/crates.io-index"
checksum = "b1de2e551fb905ac83f73f7aedf2f0cb4a0da7e35efa24a202a936269f1f18e1"

[[package]]
name = "pkg-config"
version = "0.3.25"
source = "registry+https://github.com/rust-lang/crates.io-index"
checksum = "1df8c4ec4b0627e53bdf214615ad287367e482558cf84b109250b37464dc03ae"

[[package]]
name = "ppv-lite86"
version = "0.2.16"
source = "registry+https://github.com/rust-lang/crates.io-index"
checksum = "eb9f9e6e233e5c4a35559a617bf40a4ec447db2e84c20b55a6f83167b7e57872"

[[package]]
name = "primal-check"
version = "0.3.3"
source = "registry+https://github.com/rust-lang/crates.io-index"
checksum = "9df7f93fd637f083201473dab4fee2db4c429d32e55e3299980ab3957ab916a0"
dependencies = [
 "num-integer",
]

[[package]]
name = "proc-macro2"
version = "1.0.43"
source = "registry+https://github.com/rust-lang/crates.io-index"
checksum = "0a2ca2c61bc9f3d74d2886294ab7b9853abd9c1ad903a3ac7815c58989bb7bab"
dependencies = [
 "unicode-ident",
]

[[package]]
name = "quote"
version = "1.0.21"
source = "registry+https://github.com/rust-lang/crates.io-index"
checksum = "bbe448f377a7d6961e30f5955f9b8d106c3f5e449d493ee1b125c1d43c2b5179"
dependencies = [
 "proc-macro2",
]

[[package]]
name = "rand"
version = "0.8.5"
source = "registry+https://github.com/rust-lang/crates.io-index"
checksum = "34af8d1a0e25924bc5b7c43c079c942339d8f0a8b57c39049bef581b46327404"
dependencies = [
 "libc",
 "rand_chacha",
 "rand_core",
]

[[package]]
name = "rand_chacha"
version = "0.3.1"
source = "registry+https://github.com/rust-lang/crates.io-index"
checksum = "e6c10a63a0fa32252be49d21e7709d4d4baf8d231c2dbce1eaa8141b9b127d88"
dependencies = [
 "ppv-lite86",
 "rand_core",
]

[[package]]
name = "rand_core"
version = "0.6.4"
source = "registry+https://github.com/rust-lang/crates.io-index"
checksum = "ec0be4795e2f6a28069bec0b5ff3e2ac9bafc99e6a9a7dc3547996c5c816922c"
dependencies = [
 "getrandom",
]

[[package]]
name = "rawpointer"
version = "0.2.1"
source = "registry+https://github.com/rust-lang/crates.io-index"
checksum = "60a357793950651c4ed0f3f52338f53b2f809f32d83a07f72909fa13e4c6c1e3"

[[package]]
name = "rustfft"
version = "6.0.1"
source = "registry+https://github.com/rust-lang/crates.io-index"
checksum = "b1d089e5c57521629a59f5f39bca7434849ff89bd6873b521afe389c1c602543"
dependencies = [
 "num-complex",
 "num-integer",
 "num-traits",
 "primal-check",
 "strength_reduce",
 "transpose",
]

[[package]]
name = "ryu"
version = "1.0.11"
source = "registry+https://github.com/rust-lang/crates.io-index"
checksum = "4501abdff3ae82a1c1b477a17252eb69cee9e66eb915c1abaa4f44d873df9f09"

[[package]]
name = "serde"
version = "1.0.144"
source = "registry+https://github.com/rust-lang/crates.io-index"
checksum = "0f747710de3dcd43b88c9168773254e809d8ddbdf9653b84e2554ab219f17860"
dependencies = [
 "serde_derive",
]

[[package]]
name = "serde_derive"
version = "1.0.144"
source = "registry+https://github.com/rust-lang/crates.io-index"
checksum = "94ed3a816fb1d101812f83e789f888322c34e291f894f19590dc310963e87a00"
dependencies = [
 "proc-macro2",
 "quote",
 "syn",
]

[[package]]
name = "serde_yaml"
version = "0.9.13"
source = "registry+https://github.com/rust-lang/crates.io-index"
checksum = "8613d593412a0deb7bbd8de9d908efff5a0cb9ccd8f62c641e7b2ed2f57291d1"
dependencies = [
 "indexmap",
 "itoa",
 "ryu",
 "serde",
 "unsafe-libyaml",
]

[[package]]
name = "snafu"
version = "0.7.1"
source = "registry+https://github.com/rust-lang/crates.io-index"
checksum = "5177903bf45656592d9eb5c0e22f408fc023aae51dbe2088889b71633ba451f2"
dependencies = [
 "doc-comment",
 "snafu-derive",
]

[[package]]
name = "snafu-derive"
version = "0.7.1"
source = "registry+https://github.com/rust-lang/crates.io-index"
checksum = "410b26ed97440d90ced3e2488c868d56a86e2064f5d7d6f417909b286afe25e5"
dependencies = [
 "heck",
 "proc-macro2",
 "quote",
 "syn",
]

[[package]]
name = "sspse"
version = "0.1.0"
dependencies = [
 "GSL",
 "clap",
 "dasp",
 "gnuplot",
 "hound",
 "ndarray",
 "num",
 "rand",
 "rustfft",
 "serde",
 "serde_yaml",
 "snafu",
]

[[package]]
name = "strength_reduce"
version = "0.2.3"
source = "registry+https://github.com/rust-lang/crates.io-index"
checksum = "a3ff2f71c82567c565ba4b3009a9350a96a7269eaa4001ebedae926230bc2254"

[[package]]
name = "strsim"
version = "0.10.0"
source = "registry+https://github.com/rust-lang/crates.io-index"
checksum = "73473c0e59e6d5812c5dfe2a064a6444949f089e20eec9a2e5506596494e4623"

[[package]]
name = "syn"
version = "1.0.99"
source = "registry+https://github.com/rust-lang/crates.io-index"
checksum = "58dbef6ec655055e20b86b15a8cc6d439cca19b667537ac6a1369572d151ab13"
dependencies = [
 "proc-macro2",
 "quote",
 "unicode-ident",
]

[[package]]
name = "termcolor"
version = "1.1.3"
source = "registry+https://github.com/rust-lang/crates.io-index"
checksum = "bab24d30b911b2376f3a13cc2cd443142f0c81dda04c118693e35b3835757755"
dependencies = [
 "winapi-util",
]

[[package]]
name = "textwrap"
version = "0.15.1"
source = "registry+https://github.com/rust-lang/crates.io-index"
checksum = "949517c0cf1bf4ee812e2e07e08ab448e3ae0d23472aee8a06c985f0c8815b16"

[[package]]
name = "transpose"
version = "0.2.1"
source = "registry+https://github.com/rust-lang/crates.io-index"
checksum = "95f9c900aa98b6ea43aee227fd680550cdec726526aab8ac801549eadb25e39f"
dependencies = [
 "num-integer",
 "strength_reduce",
]

[[package]]
name = "unicode-ident"
version = "1.0.4"
source = "registry+https://github.com/rust-lang/crates.io-index"
checksum = "dcc811dc4066ac62f84f11307873c4850cb653bfa9b1719cee2bd2204a4bc5dd"

[[package]]
name = "unsafe-libyaml"
version = "0.2.4"
source = "registry+https://github.com/rust-lang/crates.io-index"
checksum = "c1e5fa573d8ac5f1a856f8d7be41d390ee973daf97c806b2c1a465e4e1406e68"

[[package]]
name = "wasi"
version = "0.11.0+wasi-snapshot-preview1"
source = "registry+https://github.com/rust-lang/crates.io-index"
checksum = "9c8d87e72b64a3b4db28d11ce29237c246188f4f51057d65a7eab63b7987e423"

[[package]]
name = "winapi"
version = "0.3.9"
source = "registry+https://github.com/rust-lang/crates.io-index"
checksum = "5c839a674fcd7a98952e593242ea400abe93992746761e38641405d28b00f419"
dependencies = [
 "winapi-i686-pc-windows-gnu",
 "winapi-x86_64-pc-windows-gnu",
]

[[package]]
name = "winapi-i686-pc-windows-gnu"
version = "0.4.0"
source = "registry+https://github.com/rust-lang/crates.io-index"
checksum = "ac3b87c63620426dd9b991e5ce0329eff545bccbbb34f3be09ff6fb6ab51b7b6"

[[package]]
name = "winapi-util"
version = "0.1.5"
source = "registry+https://github.com/rust-lang/crates.io-index"
checksum = "70ec6ce85bb158151cae5e5c87f95a8e97d2c0c4b001223f33a334e3ce5de178"
dependencies = [
 "winapi",
]

[[package]]
name = "winapi-x86_64-pc-windows-gnu"
version = "0.4.0"
source = "registry+https://github.com/rust-lang/crates.io-index"
checksum = "712e227841d057c1ee1cd2fb22fa7e5a5461ae8e48fa2ca79ec42cfc1931183f"
